schema: '2.0'
stages:
  data_ingestion:
    cmd: python src/data/data_ingestion.py
    deps:
    - path: src/data/data_ingestion.py
      hash: md5
      md5: c33420d4f6d89645df74feeb05bdcd3c
      size: 2811
    params:
      params.yaml:
        data_ingestion.test_size: 0.4
    outs:
    - path: data/raw/test.csv
      hash: md5
      md5: 8d028d8e5c28585383276fd4538c8c39
      size: 332828
    - path: data/raw/train.csv
      hash: md5
      md5: 3aa2c149180d8f56d4acdf630b608979
      size: 495145
  data_preprocessing:
    cmd: python src\data\data_preprocessing.py
    deps:
    - path: data\raw\test.csv
      hash: md5
      md5: 8d028d8e5c28585383276fd4538c8c39
      size: 332828
    - path: data\raw\train.csv
      hash: md5
      md5: 3aa2c149180d8f56d4acdf630b608979
      size: 495145
    - path: src\data\data_preprocessing.py
      hash: md5
      md5: 0a61b648668ec0c660709fa3723eabe5
      size: 5139
    outs:
    - path: data\processed\test.csv
      hash: md5
      md5: edadc2b328531fd362d9db7d4838250b
      size: 227810
    - path: data\processed\train.csv
      hash: md5
      md5: 7e9214ed333be88bfa1c3d2475204133
      size: 338400
  feature_engineering:
    cmd: python src\features\features.py
    deps:
    - path: data\processed\test.csv
      hash: md5
      md5: edadc2b328531fd362d9db7d4838250b
      size: 227810
    - path: data\processed\train.csv
      hash: md5
      md5: 7e9214ed333be88bfa1c3d2475204133
      size: 338400
    - path: src\features\features.py
      hash: md5
      md5: 598df9512be85ba32e3b3f9e1bd5564d
      size: 2883
    params:
      params.yaml:
        feature_engineering.max_features: 1500
    outs:
    - path: data\interim\test_tfidf.csv
      hash: md5
      md5: 5f6d812aba4bcedcdfb263f11a892ce3
      size: 25271839
    - path: data\interim\train_tfidf.csv
      hash: md5
      md5: 5a93433f5e6b39d46608500a1ddb90aa
      size: 37917827
  model_training:
    cmd: python src\models\modelling.py
    deps:
    - path: data\interim\train_tfidf.csv
      hash: md5
      md5: 5a93433f5e6b39d46608500a1ddb90aa
      size: 37917827
    - path: src\models\modelling.py
      hash: md5
      md5: 574d8bd4e35292531f047f4984e413a0
      size: 2512
    params:
      params.yaml:
        modelling.max_depth: 20
        modelling.n_estimators: 150
    outs:
    - path: models\random_forest_model.pkl
      hash: md5
      md5: 2efda351bcd38c3f27b5a2d2e5de3a84
      size: 4297746
  model_evaluation:
    cmd: python src\models\model_evaluation.py
    deps:
    - path: data\interim\test_tfidf.csv
      hash: md5
      md5: 5f6d812aba4bcedcdfb263f11a892ce3
      size: 25271839
    - path: models\random_forest_model.pkl
      hash: md5
      md5: 2efda351bcd38c3f27b5a2d2e5de3a84
      size: 4297746
    - path: src\models\model_evaluation.py
      hash: md5
      md5: a88a2a93e3df8cf065a62eb16d73bc13
      size: 2312
    outs:
    - path: reports\metrics.json
      hash: md5
      md5: e840f2ba76be9cf0e19cf037ac080e81
      size: 149
